github.com/hybridgroup/gocv v0.18.0 h1:dw/5+skEG1XkbVSK2kzttfiF2uW7nywNzBv8fp/nLPY=
github.com/hybridgroup/gocv v0.18.0/go.mod h1:gohxWQsZShq3UgYtoLJV1GvxzYt+UNr0gyX5VdKdkFk=
github.com/kaepa3/effector v0.0.0-20170203064527-1780955f48c8 h1:t5p2QQMTV1V4JeHEaWsjWWzPDIy6onZICaRthPzkYLY=
github.com/kaepa3/effector v0.0.0-20170203064527-1780955f48c8/go.mod h1:90q77b981EntiEDWz3jPA86hl5SQamjRrtAidvvdpdc=
gocv.io/x/gocv v0.18.0 h1:uW6C5ZjvEZjW+SwHtObmIWH73xNSsUXtSR26+k7OHpA=
gocv.io/x/gocv v0.18.0/go.mod h1:3qacsKAMRS0sZmeLySWcbFeVEU3t86igWaQleAgiuBg=
